// !$*UTF8*$!
{
	archiveVersion = 1;
	classes = {
	};
	objectVersion = 50;
	objects = {

/* Begin PBXBuildFile section */
		1155584E1D172B337BDD5924 /* Pods_ZsSwiftLib.framework in Frameworks */ = {isa = PBXBuildFile; fileRef = 3AF438B5065B2443CAD38F3B /* Pods_ZsSwiftLib.framework */; };
		C22DEB88242AF7A200374CB9 /* AppDelegate.swift in Sources */ = {isa = PBXBuildFile; fileRef = C22DEB87242AF7A200374CB9 /* AppDelegate.swift */; };
		C22DEB8A242AF7A200374CB9 /* SceneDelegate.swift in Sources */ = {isa = PBXBuildFile; fileRef = C22DEB89242AF7A200374CB9 /* SceneDelegate.swift */; };
		C22DEB8C242AF7A200374CB9 /* ViewController.swift in Sources */ = {isa = PBXBuildFile; fileRef = C22DEB8B242AF7A200374CB9 /* ViewController.swift */; };
		C22DEB8F242AF7A200374CB9 /* Main.storyboard in Resources */ = {isa = PBXBuildFile; fileRef = C22DEB8D242AF7A200374CB9 /* Main.storyboard */; };
		C22DEB91242AF7A700374CB9 /* Assets.xcassets in Resources */ = {isa = PBXBuildFile; fileRef = C22DEB90242AF7A700374CB9 /* Assets.xcassets */; };
		C22DEB94242AF7A700374CB9 /* LaunchScreen.storyboard in Resources */ = {isa = PBXBuildFile; fileRef = C22DEB92242AF7A700374CB9 /* LaunchScreen.storyboard */; };
		C22DEBA0242B0B4E00374CB9 /* ProjectConfig.swift in Sources */ = {isa = PBXBuildFile; fileRef = C22DEB9F242B0B4E00374CB9 /* ProjectConfig.swift */; };
/* End PBXBuildFile section */

/* Begin PBXFileReference section */
		1EECFD0B496DD6465231461B /* Pods-ZsSwiftLib.debug.xcconfig */ = {isa = PBXFileReference; includeInIndex = 1; lastKnownFileType = text.xcconfig; name = "Pods-ZsSwiftLib.debug.xcconfig"; path = "Target Support Files/Pods-ZsSwiftLib/Pods-ZsSwiftLib.debug.xcconfig"; sourceTree = "<group>"; };
		3AF438B5065B2443CAD38F3B /* Pods_ZsSwiftLib.framework */ = {isa = PBXFileReference; explicitFileType = wrapper.framework; includeInIndex = 0; path = Pods_ZsSwiftLib.framework; sourceTree = BUILT_PRODUCTS_DIR; };
		3E1C4E86F7CD03676BAED05C /* Pods-ZsSwiftLib.release.xcconfig */ = {isa = PBXFileReference; includeInIndex = 1; lastKnownFileType = text.xcconfig; name = "Pods-ZsSwiftLib.release.xcconfig"; path = "Target Support Files/Pods-ZsSwiftLib/Pods-ZsSwiftLib.release.xcconfig"; sourceTree = "<group>"; };
		C22DEB84242AF7A200374CB9 /* ZsSwiftLib.app */ = {isa = PBXFileReference; explicitFileType = wrapper.application; includeInIndex = 0; path = ZsSwiftLib.app; sourceTree = BUILT_PRODUCTS_DIR; };
		C22DEB87242AF7A200374CB9 /* AppDelegate.swift */ = {isa = PBXFileReference; lastKnownFileType = sourcecode.swift; path = AppDelegate.swift; sourceTree = "<group>"; };
		C22DEB89242AF7A200374CB9 /* SceneDelegate.swift */ = {isa = PBXFileReference; lastKnownFileType = sourcecode.swift; path = SceneDelegate.swift; sourceTree = "<group>"; };
		C22DEB8B242AF7A200374CB9 /* ViewController.swift */ = {isa = PBXFileReference; lastKnownFileType = sourcecode.swift; path = ViewController.swift; sourceTree = "<group>"; };
		C22DEB8E242AF7A200374CB9 /* Base */ = {isa = PBXFileReference; lastKnownFileType = file.storyboard; name = Base; path = Base.lproj/Main.storyboard; sourceTree = "<group>"; };
		C22DEB90242AF7A700374CB9 /* Assets.xcassets */ = {isa = PBXFileReference; lastKnownFileType = folder.assetcatalog; path = Assets.xcassets; sourceTree = "<group>"; };
		C22DEB93242AF7A700374CB9 /* Base */ = {isa = PBXFileReference; lastKnownFileType = file.storyboard; name = Base; path = Base.lproj/LaunchScreen.storyboard; sourceTree = "<group>"; };
		C22DEB95242AF7A700374CB9 /* Info.plist */ = {isa = PBXFileReference; lastKnownFileType = text.plist.xml; path = Info.plist; sourceTree = "<group>"; };
		C22DEB9D242B08C800374CB9 /* ZsSwiftLib.entitlements */ = {isa = PBXFileReference; lastKnownFileType = text.plist.entitlements; path = ZsSwiftLib.entitlements; sourceTree = "<group>"; };
		C22DEB9F242B0B4E00374CB9 /* ProjectConfig.swift */ = {isa = PBXFileReference; fileEncoding = 4; lastKnownFileType = sourcecode.swift; path = ProjectConfig.swift; sourceTree = "<group>"; };
/* End PBXFileReference section */

/* Begin PBXFrameworksBuildPhase section */
		C22DEB81242AF7A200374CB9 /* Frameworks */ = {
			isa = PBXFrameworksBuildPhase;
			buildActionMask = 2147483647;
			files = (
				1155584E1D172B337BDD5924 /* Pods_ZsSwiftLib.framework in Frameworks */,
			);
			runOnlyForDeploymentPostprocessing = 0;
		};
/* End PBXFrameworksBuildPhase section */

/* Begin PBXGroup section */
		811C70A9AF8D3F16746398EA /* Frameworks */ = {
			isa = PBXGroup;
			children = (
				3AF438B5065B2443CAD38F3B /* Pods_ZsSwiftLib.framework */,
			);
			name = Frameworks;
			sourceTree = "<group>";
		};
		C22DEB7B242AF7A200374CB9 = {
			isa = PBXGroup;
			children = (
				C22DEB86242AF7A200374CB9 /* ZsSwiftLib */,
				C22DEB85242AF7A200374CB9 /* Products */,
				C29CBC5388BB355AD6EE6DAC /* Pods */,
				811C70A9AF8D3F16746398EA /* Frameworks */,
			);
			sourceTree = "<group>";
		};
		C22DEB85242AF7A200374CB9 /* Products */ = {
			isa = PBXGroup;
			children = (
				C22DEB84242AF7A200374CB9 /* ZsSwiftLib.app */,
			);
			name = Products;
			sourceTree = "<group>";
		};
		C22DEB86242AF7A200374CB9 /* ZsSwiftLib */ = {
			isa = PBXGroup;
			children = (
				C22DEB9E242B0B4E00374CB9 /* Libs */,
				C22DEB9D242B08C800374CB9 /* ZsSwiftLib.entitlements */,
				C22DEB87242AF7A200374CB9 /* AppDelegate.swift */,
				C22DEB89242AF7A200374CB9 /* SceneDelegate.swift */,
				C22DEB8B242AF7A200374CB9 /* ViewController.swift */,
				C22DEB8D242AF7A200374CB9 /* Main.storyboard */,
				C22DEB90242AF7A700374CB9 /* Assets.xcassets */,
				C22DEB92242AF7A700374CB9 /* LaunchScreen.storyboard */,
				C22DEB95242AF7A700374CB9 /* Info.plist */,
			);
			path = ZsSwiftLib;
			sourceTree = "<group>";
		};
		C22DEB9E242B0B4E00374CB9 /* Libs */ = {
			isa = PBXGroup;
			children = (
				C22DEB9F242B0B4E00374CB9 /* ProjectConfig.swift */,
			);
			path = Libs;
			sourceTree = "<group>";
		};
		C29CBC5388BB355AD6EE6DAC /* Pods */ = {
			isa = PBXGroup;
			children = (
				1EECFD0B496DD6465231461B /* Pods-ZsSwiftLib.debug.xcconfig */,
				3E1C4E86F7CD03676BAED05C /* Pods-ZsSwiftLib.release.xcconfig */,
			);
			name = Pods;
			path = Pods;
			sourceTree = "<group>";
		};
/* End PBXGroup section */

/* Begin PBXNativeTarget section */
		C22DEB83242AF7A200374CB9 /* ZsSwiftLib */ = {
			isa = PBXNativeTarget;
			buildConfigurationList = C22DEB98242AF7A700374CB9 /* Build configuration list for PBXNativeTarget "ZsSwiftLib" */;
			buildPhases = (
				B3E726222E3F8F04A9265649 /* [CP] Check Pods Manifest.lock */,
				C22DEB80242AF7A200374CB9 /* Sources */,
				C22DEB81242AF7A200374CB9 /* Frameworks */,
				C22DEB82242AF7A200374CB9 /* Resources */,
				EFA593490D1F14082FF19DCB /* [CP] Embed Pods Frameworks */,
			);
			buildRules = (
			);
			dependencies = (
			);
			name = ZsSwiftLib;
			productName = ZsSwiftLib;
			productReference = C22DEB84242AF7A200374CB9 /* ZsSwiftLib.app */;
			productType = "com.apple.product-type.application";
		};
/* End PBXNativeTarget section */

/* Begin PBXProject section */
		C22DEB7C242AF7A200374CB9 /* Project object */ = {
			isa = PBXProject;
			attributes = {
				LastSwiftUpdateCheck = 1130;
				LastUpgradeCheck = 1130;
				ORGANIZATIONNAME = _zone;
				TargetAttributes = {
					C22DEB83242AF7A200374CB9 = {
						CreatedOnToolsVersion = 11.3.1;
					};
				};
			};
			buildConfigurationList = C22DEB7F242AF7A200374CB9 /* Build configuration list for PBXProject "ZsSwiftLib" */;
			compatibilityVersion = "Xcode 9.3";
			developmentRegion = en;
			hasScannedForEncodings = 0;
			knownRegions = (
				en,
				Base,
			);
			mainGroup = C22DEB7B242AF7A200374CB9;
			productRefGroup = C22DEB85242AF7A200374CB9 /* Products */;
			projectDirPath = "";
			projectRoot = "";
			targets = (
				C22DEB83242AF7A200374CB9 /* ZsSwiftLib */,
			);
		};
/* End PBXProject section */

/* Begin PBXResourcesBuildPhase section */
		C22DEB82242AF7A200374CB9 /* Resources */ = {
			isa = PBXResourcesBuildPhase;
			buildActionMask = 2147483647;
			files = (
				C22DEB94242AF7A700374CB9 /* LaunchScreen.storyboard in Resources */,
				C22DEB91242AF7A700374CB9 /* Assets.xcassets in Resources */,
				C22DEB8F242AF7A200374CB9 /* Main.storyboard in Resources */,
			);
			runOnlyForDeploymentPostprocessing = 0;
		};
/* End PBXResourcesBuildPhase section */

/* Begin PBXShellScriptBuildPhase section */
		B3E726222E3F8F04A9265649 /* [CP] Check Pods Manifest.lock */ = {
			isa = PBXShellScriptBuildPhase;
			buildActionMask = 2147483647;
			files = (
			);
			inputFileListPaths = (
			);
			inputPaths = (
				"${PODS_PODFILE_DIR_PATH}/Podfile.lock",
				"${PODS_ROOT}/Manifest.lock",
			);
			name = "[CP] Check Pods Manifest.lock";
			outputFileListPaths = (
			);
			outputPaths = (
				"$(DERIVED_FILE_DIR)/Pods-ZsSwiftLib-checkManifestLockResult.txt",
			);
			runOnlyForDeploymentPostprocessing = 0;
			shellPath = /bin/sh;
			shellScript = "diff \"${PODS_PODFILE_DIR_PATH}/Podfile.lock\" \"${PODS_ROOT}/Manifest.lock\" > /dev/null\nif [ $? != 0 ] ; then\n    # print error to STDERR\n    echo \"error: The sandbox is not in sync with the Podfile.lock. Run 'pod install' or update your CocoaPods installation.\" >&2\n    exit 1\nfi\n# This output is used by Xcode 'outputs' to avoid re-running this script phase.\necho \"SUCCESS\" > \"${SCRIPT_OUTPUT_FILE_0}\"\n";
			showEnvVarsInLog = 0;
		};
		EFA593490D1F14082FF19DCB /* [CP] Embed Pods Frameworks */ = {
			isa = PBXShellScriptBuildPhase;
			buildActionMask = 2147483647;
			files = (
			);
			inputFileListPaths = (
				"${PODS_ROOT}/Target Support Files/Pods-ZsSwiftLib/Pods-ZsSwiftLib-frameworks-${CONFIGURATION}-input-files.xcfilelist",
			);
			name = "[CP] Embed Pods Frameworks";
			outputFileListPaths = (
				"${PODS_ROOT}/Target Support Files/Pods-ZsSwiftLib/Pods-ZsSwiftLib-frameworks-${CONFIGURATION}-output-files.xcfilelist",
			);
			runOnlyForDeploymentPostprocessing = 0;
			shellPath = /bin/sh;
			shellScript = "\"${PODS_ROOT}/Target Support Files/Pods-ZsSwiftLib/Pods-ZsSwiftLib-frameworks.sh\"\n";
			showEnvVarsInLog = 0;
		};
/* End PBXShellScriptBuildPhase section */

/* Begin PBXSourcesBuildPhase section */
		C22DEB80242AF7A200374CB9 /* Sources */ = {
			isa = PBXSourcesBuildPhase;
			buildActionMask = 2147483647;
			files = (
				C22DEB8C242AF7A200374CB9 /* ViewController.swift in Sources */,
				C22DEB88242AF7A200374CB9 /* AppDelegate.swift in Sources */,
				C22DEB8A242AF7A200374CB9 /* SceneDelegate.swift in Sources */,
				C22DEBA0242B0B4E00374CB9 /* ProjectConfig.swift in Sources */,
			);
			runOnlyForDeploymentPostprocessing = 0;
		};
/* End PBXSourcesBuildPhase section */

/* Begin PBXVariantGroup section */
		C22DEB8D242AF7A200374CB9 /* Main.storyboard */ = {
			isa = PBXVariantGroup;
			children = (
				C22DEB8E242AF7A200374CB9 /* Base */,
			);
			name = Main.storyboard;
			sourceTree = "<group>";
		};
		C22DEB92242AF7A700374CB9 /* LaunchScreen.storyboard */ = {
			isa = PBXVariantGroup;
			children = (
				C22DEB93242AF7A700374CB9 /* Base */,
			);
			name = LaunchScreen.storyboard;
			sourceTree = "<group>";
		};
/* End PBXVariantGroup section */

/* Begin XCBuildConfiguration section */
		C22DEB96242AF7A700374CB9 /* Debug */ = {
			isa = XCBuildConfiguration;
			buildSettings = {
				ALWAYS_SEARCH_USER_PATHS = NO;
				CLANG_ANALYZER_NONNULL = YES;
				CLANG_ANALYZER_NUMBER_OBJECT_CONVERSION = YES_AGGRESSIVE;
				CLANG_CXX_LANGUAGE_STANDARD = "gnu++14";
				CLANG_CXX_LIBRARY = "libc++";
				CLANG_ENABLE_MODULES = YES;
				CLANG_ENABLE_OBJC_ARC = YES;
				CLANG_ENABLE_OBJC_WEAK = YES;
				CLANG_WARN_BLOCK_CAPTURE_AUTORELEASING = YES;
				CLANG_WARN_BOOL_CONVERSION = YES;
				CLANG_WARN_COMMA = YES;
				CLANG_WARN_CONSTANT_CONVERSION = YES;
				CLANG_WARN_DEPRECATED_OBJC_IMPLEMENTATIONS = YES;
				CLANG_WARN_DIRECT_OBJC_ISA_USAGE = YES_ERROR;
				CLANG_WARN_DOCUMENTATION_COMMENTS = YES;
				CLANG_WARN_EMPTY_BODY = YES;
				CLANG_WARN_ENUM_CONVERSION = YES;
				CLANG_WARN_INFINITE_RECURSION = YES;
				CLANG_WARN_INT_CONVERSION = YES;
				CLANG_WARN_NON_LITERAL_NULL_CONVERSION = YES;
				CLANG_WARN_OBJC_IMPLICIT_RETAIN_SELF = YES;
				CLANG_WARN_OBJC_LITERAL_CONVERSION = YES;
				CLANG_WARN_OBJC_ROOT_CLASS = YES_ERROR;
				CLANG_WARN_RANGE_LOOP_ANALYSIS = YES;
				CLANG_WARN_STRICT_PROTOTYPES = YES;
				CLANG_WARN_SUSPICIOUS_MOVE = YES;
				CLANG_WARN_UNGUARDED_AVAILABILITY = YES_AGGRESSIVE;
				CLANG_WARN_UNREACHABLE_CODE = YES;
				CLANG_WARN__DUPLICATE_METHOD_MATCH = YES;
				COPY_PHASE_STRIP = NO;
				DEBUG_INFORMATION_FORMAT = dwarf;
				ENABLE_STRICT_OBJC_MSGSEND = YES;
				ENABLE_TESTABILITY = YES;
				GCC_C_LANGUAGE_STANDARD = gnu11;
				GCC_DYNAMIC_NO_PIC = NO;
				GCC_NO_COMMON_BLOCKS = YES;
				GCC_OPTIMIZATION_LEVEL = 0;
				GCC_PREPROCESSOR_DEFINITIONS = (
					"DEBUG=1",
					"$(inherited)",
				);
				GCC_WARN_64_TO_32_BIT_CONVERSION = YES;
				GCC_WARN_ABOUT_RETURN_TYPE = YES_ERROR;
				GCC_WARN_UNDECLARED_SELECTOR = YES;
				GCC_WARN_UNINITIALIZED_AUTOS = YES_AGGRESSIVE;
				GCC_WARN_UNUSED_FUNCTION = YES;
				GCC_WARN_UNUSED_VARIABLE = YES;
				IPHONEOS_DEPLOYMENT_TARGET = 13.2;
				MTL_ENABLE_DEBUG_INFO = INCLUDE_SOURCE;
				MTL_FAST_MATH = YES;
				ONLY_ACTIVE_ARCH = YES;
				SDKROOT = iphoneos;
				SWIFT_ACTIVE_COMPILATION_CONDITIONS = DEBUG;
				SWIFT_OPTIMIZATION_LEVEL = "-Onone";
			};
			name = Debug;
		};
		C22DEB97242AF7A700374CB9 /* Release */ = {
			isa = XCBuildConfiguration;
			buildSettings = {
				ALWAYS_SEARCH_USER_PATHS = NO;
				CLANG_ANALYZER_NONNULL = YES;
				CLANG_ANALYZER_NUMBER_OBJECT_CONVERSION = YES_AGGRESSIVE;
				CLANG_CXX_LANGUAGE_STANDARD = "gnu++14";
				CLANG_CXX_LIBRARY = "libc++";
				CLANG_ENABLE_MODULES = YES;
				CLANG_ENABLE_OBJC_ARC = YES;
				CLANG_ENABLE_OBJC_WEAK = YES;
				CLANG_WARN_BLOCK_CAPTURE_AUTORELEASING = YES;
				CLANG_WARN_BOOL_CONVERSION = YES;
				CLANG_WARN_COMMA = YES;
				CLANG_WARN_CONSTANT_CONVERSION = YES;
				CLANG_WARN_DEPRECATED_OBJC_IMPLEMENTATIONS = YES;
				CLANG_WARN_DIRECT_OBJC_ISA_USAGE = YES_ERROR;
				CLANG_WARN_DOCUMENTATION_COMMENTS = YES;
				CLANG_WARN_EMPTY_BODY = YES;
				CLANG_WARN_ENUM_CONVERSION = YES;
				CLANG_WARN_INFINITE_RECURSION = YES;
				CLANG_WARN_INT_CONVERSION = YES;
				CLANG_WARN_NON_LITERAL_NULL_CONVERSION = YES;
				CLANG_WARN_OBJC_IMPLICIT_RETAIN_SELF = YES;
				CLANG_WARN_OBJC_LITERAL_CONVERSION = YES;
				CLANG_WARN_OBJC_ROOT_CLASS = YES_ERROR;
				CLANG_WARN_RANGE_LOOP_ANALYSIS = YES;
				CLANG_WARN_STRICT_PROTOTYPES = YES;
				CLANG_WARN_SUSPICIOUS_MOVE = YES;
				CLANG_WARN_UNGUARDED_AVAILABILITY = YES_AGGRESSIVE;
				CLANG_WARN_UNREACHABLE_CODE = YES;
				CLANG_WARN__DUPLICATE_METHOD_MATCH = YES;
				COPY_PHASE_STRIP = NO;
				DEBUG_INFORMATION_FORMAT = "dwarf-with-dsym";
				ENABLE_NS_ASSERTIONS = NO;
				ENABLE_STRICT_OBJC_MSGSEND = YES;
				GCC_C_LANGUAGE_STANDARD = gnu11;
				GCC_NO_COMMON_BLOCKS = YES;
				GCC_WARN_64_TO_32_BIT_CONVERSION = YES;
				GCC_WARN_ABOUT_RETURN_TYPE = YES_ERROR;
				GCC_WARN_UNDECLARED_SELECTOR = YES;
				GCC_WARN_UNINITIALIZED_AUTOS = YES_AGGRESSIVE;
				GCC_WARN_UNUSED_FUNCTION = YES;
				GCC_WARN_UNUSED_VARIABLE = YES;
				IPHONEOS_DEPLOYMENT_TARGET = 13.2;
				MTL_ENABLE_DEBUG_INFO = NO;
				MTL_FAST_MATH = YES;
				SDKROOT = iphoneos;
				SWIFT_COMPILATION_MODE = wholemodule;
				SWIFT_OPTIMIZATION_LEVEL = "-O";
				VALIDATE_PRODUCT = YES;
			};
			name = Release;
		};
		C22DEB99242AF7A700374CB9 /* Debug */ = {
			isa = XCBuildConfiguration;
			baseConfigurationReference = 1EECFD0B496DD6465231461B /* Pods-ZsSwiftLib.debug.xcconfig */;
			buildSettings = {
				ASSETCATALOG_COMPILER_APPICON_NAME = AppIcon;
				CODE_SIGN_ENTITLEMENTS = ZsSwiftLib/ZsSwiftLib.entitlements;
				CODE_SIGN_STYLE = Automatic;
				DEVELOPMENT_TEAM = D46B23F9AD;
				INFOPLIST_FILE = ZsSwiftLib/Info.plist;
				IPHONEOS_DEPLOYMENT_TARGET = 13.2;
				LD_RUNPATH_SEARCH_PATHS = (
					"$(inherited)",
					"@executable_path/Frameworks",
				);
				PRODUCT_BUNDLE_IDENTIFIER = com.zone.ZsSwiftLib;
				PRODUCT_NAME = "$(TARGET_NAME)";
				SUPPORTS_MACCATALYST = NO;
				SWIFT_VERSION = 5.0;
				TARGETED_DEVICE_FAMILY = 1;
			};
			name = Debug;
		};
		C22DEB9A242AF7A700374CB9 /* Release */ = {
			isa = XCBuildConfiguration;
			baseConfigurationReference = 3E1C4E86F7CD03676BAED05C /* Pods-ZsSwiftLib.release.xcconfig */;
			buildSettings = {
				ASSETCATALOG_COMPILER_APPICON_NAME = AppIcon;
				CODE_SIGN_ENTITLEMENTS = ZsSwiftLib/ZsSwiftLib.entitlements;
				CODE_SIGN_STYLE = Automatic;
				DEVELOPMENT_TEAM = D46B23F9AD;
				INFOPLIST_FILE = ZsSwiftLib/Info.plist;
				IPHONEOS_DEPLOYMENT_TARGET = 13.2;
				LD_RUNPATH_SEARCH_PATHS = (
					"$(inherited)",
					"@executable_path/Frameworks",
				);
				PRODUCT_BUNDLE_IDENTIFIER = com.zone.ZsSwiftLib;
				PRODUCT_NAME = "$(TARGET_NAME)";
				SUPPORTS_MACCATALYST = NO;
				SWIFT_VERSION = 5.0;
				TARGETED_DEVICE_FAMILY = 1;
			};
			name = Release;
		};
/* End XCBuildConfiguration section */

/* Begin XCConfigurationList section */
		C22DEB7F242AF7A200374CB9 /* Build configuration list for PBXProject "ZsSwiftLib" */ = {
			isa = XCConfigurationList;
			buildConfigurations = (
				C22DEB96242AF7A700374CB9 /* Debug */,
				C22DEB97242AF7A700374CB9 /* Release */,
			);
			defaultConfigurationIsVisible = 0;
			defaultConfigurationName = Release;
		};
		C22DEB98242AF7A700374CB9 /* Build configuration list for PBXNativeTarget "ZsSwiftLib" */ = {
			isa = XCConfigurationList;
			buildConfigurations = (
				C22DEB99242AF7A700374CB9 /* Debug */,
				C22DEB9A242AF7A700374CB9 /* Release */,
			);
			defaultConfigurationIsVisible = 0;
			defaultConfigurationName = Release;
		};
/* End XCConfigurationList section */
	};
	rootObject = C22DEB7C242AF7A200374CB9 /* Project object */;
}
